
Microsoft Visual Studio Solution File, Format Version 12.00
# Visual Studio 15
VisualStudioVersion = 15.0.28307.102
MinimumVisualStudioVersion = 10.0.40219.1
Project("{FAE04EC0-301F-11D3-BF4B-00C04F79EFBC}") = "pdf converter", "pdf converter\pdf converter.csproj", "{18902AB0-BE54-47EA-812F-E0445330235E}"
EndProject
Global
	GlobalSection(SolutionConfigurationPlatforms) = preSolution
		Debug|Any CPU = Debug|Any CPU
		Release|Any CPU = Release|Any CPU
	EndGlobalSection
	GlobalSection(ProjectConfigurationPlatforms) = postSolution
		{18902AB0-BE54-47EA-812F-E0445330235E}.Debug|Any CPU.ActiveCfg = Debug|Any CPU
		{18902AB0-BE54-47EA-812F-E0445330235E}.Debug|Any CPU.Build.0 = Debug|Any CPU
		{18902AB0-BE54-47EA-812F-E0445330235E}.Release|Any CPU.ActiveCfg = Release|Any CPU
		{18902AB0-BE54-47EA-812F-E0445330235E}.Release|Any CPU.Build.0 = Release|Any CPU
	EndGlobalSection
	GlobalSection(SolutionProperties) = preSolution
		HideSolutionNode = FALSE
	EndGlobalSection
	GlobalSection(ExtensibilityGlobals) = postSolution
		SolutionGuid = {4918FE11-2FF4-4A6D-B192-07C8E4E95875}
	EndGlobalSection
EndGlobal
